
Microsoft Visual Studio Solution File, Format Version 12.00
# Visual Studio 14
VisualStudioVersion = 14.0.25420.1
MinimumVisualStudioVersion = 10.0.40219.1
Project("{00D1A9C2-B5F0-4AF3-8072-F6C62B433612}") = "xss.DB", "xss.DB\xss.DB.sqlproj", "{D175F4B1-CB8D-4CA4-81C8-1FB59A86888D}"
EndProject
Project("{FAE04EC0-301F-11D3-BF4B-00C04F79EFBC}") = "xss.Service", "xss.Service\xss.Service.csproj", "{CC4529E8-5BAD-4A57-80EE-E590143820AB}"
EndProject
Project("{FAE04EC0-301F-11D3-BF4B-00C04F79EFBC}") = "xss.Web", "xss.Web\xss.Web.csproj", "{C9F68A95-C15F-40A2-A8A7-05B2F2819B41}"
EndProject
Project("{FAE04EC0-301F-11D3-BF4B-00C04F79EFBC}") = "xss.Web.Tests", "xss.Web.Tests\xss.Web.Tests.csproj", "{4848AF75-EC38-46E3-A626-F8240DC6518A}"
EndProject
Global
	GlobalSection(SolutionConfigurationPlatforms) = preSolution
		Debug|Any CPU = Debug|Any CPU
		Release|Any CPU = Release|Any CPU
	EndGlobalSection
	GlobalSection(ProjectConfigurationPlatforms) = postSolution
		{D175F4B1-CB8D-4CA4-81C8-1FB59A86888D}.Debug|Any CPU.ActiveCfg = Debug|Any CPU
		{D175F4B1-CB8D-4CA4-81C8-1FB59A86888D}.Debug|Any CPU.Build.0 = Debug|Any CPU
		{D175F4B1-CB8D-4CA4-81C8-1FB59A86888D}.Debug|Any CPU.Deploy.0 = Debug|Any CPU
		{D175F4B1-CB8D-4CA4-81C8-1FB59A86888D}.Release|Any CPU.ActiveCfg = Release|Any CPU
		{D175F4B1-CB8D-4CA4-81C8-1FB59A86888D}.Release|Any CPU.Build.0 = Release|Any CPU
		{D175F4B1-CB8D-4CA4-81C8-1FB59A86888D}.Release|Any CPU.Deploy.0 = Release|Any CPU
		{CC4529E8-5BAD-4A57-80EE-E590143820AB}.Debug|Any CPU.ActiveCfg = Debug|Any CPU
		{CC4529E8-5BAD-4A57-80EE-E590143820AB}.Debug|Any CPU.Build.0 = Debug|Any CPU
		{CC4529E8-5BAD-4A57-80EE-E590143820AB}.Release|Any CPU.ActiveCfg = Release|Any CPU
		{CC4529E8-5BAD-4A57-80EE-E590143820AB}.Release|Any CPU.Build.0 = Release|Any CPU
		{C9F68A95-C15F-40A2-A8A7-05B2F2819B41}.Debug|Any CPU.ActiveCfg = Debug|Any CPU
		{C9F68A95-C15F-40A2-A8A7-05B2F2819B41}.Debug|Any CPU.Build.0 = Debug|Any CPU
		{C9F68A95-C15F-40A2-A8A7-05B2F2819B41}.Release|Any CPU.ActiveCfg = Release|Any CPU
		{C9F68A95-C15F-40A2-A8A7-05B2F2819B41}.Release|Any CPU.Build.0 = Release|Any CPU
		{4848AF75-EC38-46E3-A626-F8240DC6518A}.Debug|Any CPU.ActiveCfg = Debug|Any CPU
		{4848AF75-EC38-46E3-A626-F8240DC6518A}.Debug|Any CPU.Build.0 = Debug|Any CPU
		{4848AF75-EC38-46E3-A626-F8240DC6518A}.Release|Any CPU.ActiveCfg = Release|Any CPU
		{4848AF75-EC38-46E3-A626-F8240DC6518A}.Release|Any CPU.Build.0 = Release|Any CPU
	EndGlobalSection
	GlobalSection(SolutionProperties) = preSolution
		HideSolutionNode = FALSE
	EndGlobalSection
EndGlobal
